
Microsoft Visual Studio Solution File, Format Version 12.00
# Visual Studio Version 16
VisualStudioVersion = 16.0.29215.179
MinimumVisualStudioVersion = 10.0.40219.1
Project("{FAE04EC0-301F-11D3-BF4B-00C04F79EFBC}") = "pozd", "pozd\pozd.csproj", "{500F7552-E201-4975-8D2D-3638A6E03FCB}"
EndProject
Global
	GlobalSection(SolutionConfigurationPlatforms) = preSolution
		Debug|Any CPU = Debug|Any CPU
		Release|Any CPU = Release|Any CPU
	EndGlobalSection
	GlobalSection(ProjectConfigurationPlatforms) = postSolution
		{500F7552-E201-4975-8D2D-3638A6E03FCB}.Debug|Any CPU.ActiveCfg = Debug|Any CPU
		{500F7552-E201-4975-8D2D-3638A6E03FCB}.Debug|Any CPU.Build.0 = Debug|Any CPU
		{500F7552-E201-4975-8D2D-3638A6E03FCB}.Release|Any CPU.ActiveCfg = Release|Any CPU
		{500F7552-E201-4975-8D2D-3638A6E03FCB}.Release|Any CPU.Build.0 = Release|Any CPU
	EndGlobalSection
	GlobalSection(SolutionProperties) = preSolution
		HideSolutionNode = FALSE
	EndGlobalSection
	GlobalSection(ExtensibilityGlobals) = postSolution
		SolutionGuid = {74E6CF53-7388-4169-B833-4ACBD6F245F2}
	EndGlobalSection
EndGlobal
