
Microsoft Visual Studio Solution File, Format Version 12.00
# Visual Studio Version 16
VisualStudioVersion = 16.0.29215.179
MinimumVisualStudioVersion = 10.0.40219.1
Project("{FAE04EC0-301F-11D3-BF4B-00C04F79EFBC}") = "TestPIP", "TestPIP\TestPIP.csproj", "{8F82CD54-4C6A-4A2D-9FE1-5420FE1B15F5}"
EndProject
Global
	GlobalSection(SolutionConfigurationPlatforms) = preSolution
		Debug|Any CPU = Debug|Any CPU
		Release|Any CPU = Release|Any CPU
	EndGlobalSection
	GlobalSection(ProjectConfigurationPlatforms) = postSolution
		{8F82CD54-4C6A-4A2D-9FE1-5420FE1B15F5}.Debug|Any CPU.ActiveCfg = Debug|Any CPU
		{8F82CD54-4C6A-4A2D-9FE1-5420FE1B15F5}.Debug|Any CPU.Build.0 = Debug|Any CPU
		{8F82CD54-4C6A-4A2D-9FE1-5420FE1B15F5}.Release|Any CPU.ActiveCfg = Release|Any CPU
		{8F82CD54-4C6A-4A2D-9FE1-5420FE1B15F5}.Release|Any CPU.Build.0 = Release|Any CPU
	EndGlobalSection
	GlobalSection(SolutionProperties) = preSolution
		HideSolutionNode = FALSE
	EndGlobalSection
	GlobalSection(ExtensibilityGlobals) = postSolution
		SolutionGuid = {F4211E5F-75B6-4D81-93A6-B34BA977B05D}
	EndGlobalSection
EndGlobal
