
Microsoft Visual Studio Solution File, Format Version 12.00
# Visual Studio Version 16
VisualStudioVersion = 16.0.29215.179
MinimumVisualStudioVersion = 10.0.40219.1
Project("{FAE04EC0-301F-11D3-BF4B-00C04F79EFBC}") = "TasksB", "TasksB\TasksB.csproj", "{DD9599BA-3FDF-4671-9D05-0E1019EA612D}"
EndProject
Global
	GlobalSection(SolutionConfigurationPlatforms) = preSolution
		Debug|Any CPU = Debug|Any CPU
		Release|Any CPU = Release|Any CPU
	EndGlobalSection
	GlobalSection(ProjectConfigurationPlatforms) = postSolution
		{DD9599BA-3FDF-4671-9D05-0E1019EA612D}.Debug|Any CPU.ActiveCfg = Debug|Any CPU
		{DD9599BA-3FDF-4671-9D05-0E1019EA612D}.Debug|Any CPU.Build.0 = Debug|Any CPU
		{DD9599BA-3FDF-4671-9D05-0E1019EA612D}.Release|Any CPU.ActiveCfg = Release|Any CPU
		{DD9599BA-3FDF-4671-9D05-0E1019EA612D}.Release|Any CPU.Build.0 = Release|Any CPU
	EndGlobalSection
	GlobalSection(SolutionProperties) = preSolution
		HideSolutionNode = FALSE
	EndGlobalSection
	GlobalSection(ExtensibilityGlobals) = postSolution
		SolutionGuid = {984C966F-BD52-4544-B792-1D56DFC54930}
	EndGlobalSection
EndGlobal
