
Microsoft Visual Studio Solution File, Format Version 12.00
# Visual Studio Version 16
VisualStudioVersion = 16.0.29215.179
MinimumVisualStudioVersion = 10.0.40219.1
Project("{FAE04EC0-301F-11D3-BF4B-00C04F79EFBC}") = "lab20SECONDVERSION", "lab20SECONDVERSION\lab20SECONDVERSION.csproj", "{4A906AF2-FF84-4D9C-9A34-73481F649A96}"
EndProject
Global
	GlobalSection(SolutionConfigurationPlatforms) = preSolution
		Debug|Any CPU = Debug|Any CPU
		Release|Any CPU = Release|Any CPU
	EndGlobalSection
	GlobalSection(ProjectConfigurationPlatforms) = postSolution
		{4A906AF2-FF84-4D9C-9A34-73481F649A96}.Debug|Any CPU.ActiveCfg = Debug|Any CPU
		{4A906AF2-FF84-4D9C-9A34-73481F649A96}.Debug|Any CPU.Build.0 = Debug|Any CPU
		{4A906AF2-FF84-4D9C-9A34-73481F649A96}.Release|Any CPU.ActiveCfg = Release|Any CPU
		{4A906AF2-FF84-4D9C-9A34-73481F649A96}.Release|Any CPU.Build.0 = Release|Any CPU
	EndGlobalSection
	GlobalSection(SolutionProperties) = preSolution
		HideSolutionNode = FALSE
	EndGlobalSection
	GlobalSection(ExtensibilityGlobals) = postSolution
		SolutionGuid = {A8F040B3-6FD6-495B-B5DB-8BBCC75EAF92}
	EndGlobalSection
EndGlobal
