
Microsoft Visual Studio Solution File, Format Version 12.00
# Visual Studio Version 16
VisualStudioVersion = 16.0.29215.179
MinimumVisualStudioVersion = 10.0.40219.1
Project("{FAE04EC0-301F-11D3-BF4B-00C04F79EFBC}") = "tryF", "tryF\tryF.csproj", "{CAD6903F-AE42-4716-9EC5-D14148F5D36A}"
EndProject
Global
	GlobalSection(SolutionConfigurationPlatforms) = preSolution
		Debug|Any CPU = Debug|Any CPU
		Release|Any CPU = Release|Any CPU
	EndGlobalSection
	GlobalSection(ProjectConfigurationPlatforms) = postSolution
		{CAD6903F-AE42-4716-9EC5-D14148F5D36A}.Debug|Any CPU.ActiveCfg = Debug|Any CPU
		{CAD6903F-AE42-4716-9EC5-D14148F5D36A}.Debug|Any CPU.Build.0 = Debug|Any CPU
		{CAD6903F-AE42-4716-9EC5-D14148F5D36A}.Release|Any CPU.ActiveCfg = Release|Any CPU
		{CAD6903F-AE42-4716-9EC5-D14148F5D36A}.Release|Any CPU.Build.0 = Release|Any CPU
	EndGlobalSection
	GlobalSection(SolutionProperties) = preSolution
		HideSolutionNode = FALSE
	EndGlobalSection
	GlobalSection(ExtensibilityGlobals) = postSolution
		SolutionGuid = {D24F10DD-335C-48F8-BCD3-B3B117968465}
	EndGlobalSection
EndGlobal
