
Microsoft Visual Studio Solution File, Format Version 12.00
# Visual Studio Version 16
VisualStudioVersion = 16.0.29215.179
MinimumVisualStudioVersion = 10.0.40219.1
Project("{FAE04EC0-301F-11D3-BF4B-00C04F79EFBC}") = "lab10", "lab10\lab10.csproj", "{CFBADF60-EF94-4B91-B8FD-8967552D8196}"
EndProject
Global
	GlobalSection(SolutionConfigurationPlatforms) = preSolution
		Debug|Any CPU = Debug|Any CPU
		Release|Any CPU = Release|Any CPU
	EndGlobalSection
	GlobalSection(ProjectConfigurationPlatforms) = postSolution
		{CFBADF60-EF94-4B91-B8FD-8967552D8196}.Debug|Any CPU.ActiveCfg = Debug|Any CPU
		{CFBADF60-EF94-4B91-B8FD-8967552D8196}.Debug|Any CPU.Build.0 = Debug|Any CPU
		{CFBADF60-EF94-4B91-B8FD-8967552D8196}.Release|Any CPU.ActiveCfg = Release|Any CPU
		{CFBADF60-EF94-4B91-B8FD-8967552D8196}.Release|Any CPU.Build.0 = Release|Any CPU
	EndGlobalSection
	GlobalSection(SolutionProperties) = preSolution
		HideSolutionNode = FALSE
	EndGlobalSection
	GlobalSection(ExtensibilityGlobals) = postSolution
		SolutionGuid = {65E9166F-0D10-4CE8-9176-AD4ADFFFE76C}
	EndGlobalSection
EndGlobal
