
Microsoft Visual Studio Solution File, Format Version 12.00
# Visual Studio Version 16
VisualStudioVersion = 16.0.29215.179
MinimumVisualStudioVersion = 10.0.40219.1
Project("{FAE04EC0-301F-11D3-BF4B-00C04F79EFBC}") = "lab233", "lab233\lab233.csproj", "{16668057-66E4-48DF-AAF4-1E85F433EB8A}"
EndProject
Global
	GlobalSection(SolutionConfigurationPlatforms) = preSolution
		Debug|Any CPU = Debug|Any CPU
		Release|Any CPU = Release|Any CPU
	EndGlobalSection
	GlobalSection(ProjectConfigurationPlatforms) = postSolution
		{16668057-66E4-48DF-AAF4-1E85F433EB8A}.Debug|Any CPU.ActiveCfg = Debug|Any CPU
		{16668057-66E4-48DF-AAF4-1E85F433EB8A}.Debug|Any CPU.Build.0 = Debug|Any CPU
		{16668057-66E4-48DF-AAF4-1E85F433EB8A}.Release|Any CPU.ActiveCfg = Release|Any CPU
		{16668057-66E4-48DF-AAF4-1E85F433EB8A}.Release|Any CPU.Build.0 = Release|Any CPU
	EndGlobalSection
	GlobalSection(SolutionProperties) = preSolution
		HideSolutionNode = FALSE
	EndGlobalSection
	GlobalSection(ExtensibilityGlobals) = postSolution
		SolutionGuid = {FF162D72-DE05-450A-95F2-6A7E300930AE}
	EndGlobalSection
EndGlobal
